
Microsoft Visual Studio Solution File, Format Version 12.00
# Visual Studio 15
Project("{FAE04EC0-301F-11D3-BF4B-00C04F79EFBC}") = "Assembly-CSharp", "Assembly-CSharp.csproj", "{B4781571-3EAD-20E6-1E62-9A1BDE61EC04}"
EndProject
Project("{FAE04EC0-301F-11D3-BF4B-00C04F79EFBC}") = "Assembly-CSharp-Editor", "Assembly-CSharp-Editor.csproj", "{EFE86EFE-D36E-F094-C815-F23FBC032F45}"
EndProject
Global
	GlobalSection(SolutionConfigurationPlatforms) = preSolution
		Debug|Any CPU = Debug|Any CPU
		Release|Any CPU = Release|Any CPU
	EndGlobalSection
	GlobalSection(ProjectConfigurationPlatforms) = postSolution
		{B4781571-3EAD-20E6-1E62-9A1BDE61EC04}.Debug|Any CPU.ActiveCfg = Debug|Any CPU
		{B4781571-3EAD-20E6-1E62-9A1BDE61EC04}.Debug|Any CPU.Build.0 = Debug|Any CPU
		{B4781571-3EAD-20E6-1E62-9A1BDE61EC04}.Release|Any CPU.ActiveCfg = Release|Any CPU
		{B4781571-3EAD-20E6-1E62-9A1BDE61EC04}.Release|Any CPU.Build.0 = Release|Any CPU
		{EFE86EFE-D36E-F094-C815-F23FBC032F45}.Debug|Any CPU.ActiveCfg = Debug|Any CPU
		{EFE86EFE-D36E-F094-C815-F23FBC032F45}.Debug|Any CPU.Build.0 = Debug|Any CPU
		{EFE86EFE-D36E-F094-C815-F23FBC032F45}.Release|Any CPU.ActiveCfg = Release|Any CPU
		{EFE86EFE-D36E-F094-C815-F23FBC032F45}.Release|Any CPU.Build.0 = Release|Any CPU
	EndGlobalSection
	GlobalSection(SolutionProperties) = preSolution
		HideSolutionNode = FALSE
	EndGlobalSection
EndGlobal
